
Microsoft Visual Studio Solution File, Format Version 12.00
# Visual Studio 15
VisualStudioVersion = 15.0.26730.16
MinimumVisualStudioVersion = 10.0.40219.1
Project("{159641D6-6404-4A2A-AE62-294DE0FE8301}") = "TestingProject", "TestingProject\TestingProject.dtproj", "{ECB83921-9BFC-4DF6-B6B4-40F633E44599}"
EndProject
Global
	GlobalSection(SolutionConfigurationPlatforms) = preSolution
		Development|Default = Development|Default
	EndGlobalSection
	GlobalSection(ProjectConfigurationPlatforms) = postSolution
		{ECB83921-9BFC-4DF6-B6B4-40F633E44599}.Development|Default.ActiveCfg = Development
		{ECB83921-9BFC-4DF6-B6B4-40F633E44599}.Development|Default.Build.0 = Development
	EndGlobalSection
	GlobalSection(SolutionProperties) = preSolution
		HideSolutionNode = FALSE
	EndGlobalSection
	GlobalSection(ExtensibilityGlobals) = postSolution
		SolutionGuid = {C60D9FFA-DD45-4074-A3D7-60610EEE3BFD}
	EndGlobalSection
EndGlobal
